
Microsoft Visual Studio Solution File, Format Version 12.00
# Visual Studio 15
VisualStudioVersion = 15.0.28307.572
MinimumVisualStudioVersion = 10.0.40219.1
Project("{FAE04EC0-301F-11D3-BF4B-00C04F79EFBC}") = "Фібоначчі", "Фібоначчі\Фібоначчі.csproj", "{0205EE8C-2C62-4550-8896-2242A6CC0872}"
EndProject
Global
	GlobalSection(SolutionConfigurationPlatforms) = preSolution
		Debug|Any CPU = Debug|Any CPU
		Release|Any CPU = Release|Any CPU
	EndGlobalSection
	GlobalSection(ProjectConfigurationPlatforms) = postSolution
		{0205EE8C-2C62-4550-8896-2242A6CC0872}.Debug|Any CPU.ActiveCfg = Debug|Any CPU
		{0205EE8C-2C62-4550-8896-2242A6CC0872}.Debug|Any CPU.Build.0 = Debug|Any CPU
		{0205EE8C-2C62-4550-8896-2242A6CC0872}.Release|Any CPU.ActiveCfg = Release|Any CPU
		{0205EE8C-2C62-4550-8896-2242A6CC0872}.Release|Any CPU.Build.0 = Release|Any CPU
	EndGlobalSection
	GlobalSection(SolutionProperties) = preSolution
		HideSolutionNode = FALSE
	EndGlobalSection
	GlobalSection(ExtensibilityGlobals) = postSolution
		SolutionGuid = {5E91FDDF-3162-440D-89C2-B8ECFFA830BE}
	EndGlobalSection
EndGlobal
